
Microsoft Visual Studio Solution File, Format Version 12.00
# Visual Studio Version 17
VisualStudioVersion = 17.8.34330.188
MinimumVisualStudioVersion = 10.0.40219.1
Project("{FAE04EC0-301F-11D3-BF4B-00C04F79EFBC}") = "Temperature_Conversion", "Temperature_Conversion\Temperature_Conversion.csproj", "{D336243B-8E58-4F54-8AC4-03727D0E9A60}"
EndProject
Global
	GlobalSection(SolutionConfigurationPlatforms) = preSolution
		Debug|Any CPU = Debug|Any CPU
		Release|Any CPU = Release|Any CPU
	EndGlobalSection
	GlobalSection(ProjectConfigurationPlatforms) = postSolution
		{D336243B-8E58-4F54-8AC4-03727D0E9A60}.Debug|Any CPU.ActiveCfg = Debug|Any CPU
		{D336243B-8E58-4F54-8AC4-03727D0E9A60}.Debug|Any CPU.Build.0 = Debug|Any CPU
		{D336243B-8E58-4F54-8AC4-03727D0E9A60}.Release|Any CPU.ActiveCfg = Release|Any CPU
		{D336243B-8E58-4F54-8AC4-03727D0E9A60}.Release|Any CPU.Build.0 = Release|Any CPU
	EndGlobalSection
	GlobalSection(SolutionProperties) = preSolution
		HideSolutionNode = FALSE
	EndGlobalSection
	GlobalSection(ExtensibilityGlobals) = postSolution
		SolutionGuid = {E6EC4D78-C00B-47F3-87DE-26FBA73908A1}
	EndGlobalSection
EndGlobal
